
Microsoft Visual Studio Solution File, Format Version 12.00
# Visual Studio 15
VisualStudioVersion = 15.0.27703.2042
MinimumVisualStudioVersion = 10.0.40219.1
Project("{FAE04EC0-301F-11D3-BF4B-00C04F79EFBC}") = "CSGame", "CSGame\CSGame.csproj", "{3B818378-1F70-4236-B474-EC703FFB9AA7}"
EndProject
Project("{FAE04EC0-301F-11D3-BF4B-00C04F79EFBC}") = "CSGame.Classes", "CSGame.Classes\CSGame.Classes.csproj", "{0EE63318-3C8C-482B-A752-41BCDB697953}"
EndProject
Project("{FAE04EC0-301F-11D3-BF4B-00C04F79EFBC}") = "CSGame.Sound", "CSGame.Sound\CSGame.Sound.csproj", "{4FD961FF-5286-4496-B1E2-EA2D914F0F50}"
EndProject
Global
	GlobalSection(SolutionConfigurationPlatforms) = preSolution
		Debug|Any CPU = Debug|Any CPU
		Release|Any CPU = Release|Any CPU
	EndGlobalSection
	GlobalSection(ProjectConfigurationPlatforms) = postSolution
		{3B818378-1F70-4236-B474-EC703FFB9AA7}.Debug|Any CPU.ActiveCfg = Debug|Any CPU
		{3B818378-1F70-4236-B474-EC703FFB9AA7}.Debug|Any CPU.Build.0 = Debug|Any CPU
		{3B818378-1F70-4236-B474-EC703FFB9AA7}.Release|Any CPU.ActiveCfg = Release|Any CPU
		{3B818378-1F70-4236-B474-EC703FFB9AA7}.Release|Any CPU.Build.0 = Release|Any CPU
		{0EE63318-3C8C-482B-A752-41BCDB697953}.Debug|Any CPU.ActiveCfg = Debug|Any CPU
		{0EE63318-3C8C-482B-A752-41BCDB697953}.Debug|Any CPU.Build.0 = Debug|Any CPU
		{0EE63318-3C8C-482B-A752-41BCDB697953}.Release|Any CPU.ActiveCfg = Release|Any CPU
		{0EE63318-3C8C-482B-A752-41BCDB697953}.Release|Any CPU.Build.0 = Release|Any CPU
		{4FD961FF-5286-4496-B1E2-EA2D914F0F50}.Debug|Any CPU.ActiveCfg = Debug|Any CPU
		{4FD961FF-5286-4496-B1E2-EA2D914F0F50}.Debug|Any CPU.Build.0 = Debug|Any CPU
		{4FD961FF-5286-4496-B1E2-EA2D914F0F50}.Release|Any CPU.ActiveCfg = Release|Any CPU
		{4FD961FF-5286-4496-B1E2-EA2D914F0F50}.Release|Any CPU.Build.0 = Release|Any CPU
	EndGlobalSection
	GlobalSection(SolutionProperties) = preSolution
		HideSolutionNode = FALSE
	EndGlobalSection
	GlobalSection(ExtensibilityGlobals) = postSolution
		SolutionGuid = {92F614CB-38A9-4850-93C0-6D778D77834E}
	EndGlobalSection
EndGlobal
